PODS:
  - HexColors (2.2.1)
  - SWTableViewCell (0.3.7)
  - TesseractOCRiOS (4.0.0)
  - TSMessages (0.9.12):
    - HexColors
  - UIView+DragDrop (1.0.0)

DEPENDENCIES:
  - SWTableViewCell (~> 0.3.7)
  - TesseractOCRiOS (= 4.0.0)
  - TSMessages
  - UIView+DragDrop

SPEC CHECKSUMS:
  HexColors: abfd172e329dab59888614ccba6f216cec59289d
  SWTableViewCell: 2a94aadc9d47b2b611fa064566bf57948b95b579
  TesseractOCRiOS: 90638afbe43d082433f2e76b384c7901d23956df
  TSMessages: 2a52642128d7ab15b46930c810b9c9403a2b58f3
  UIView+DragDrop: 177f003492e50bc248524d181d4a25cc507d21c7

COCOAPODS: 0.37.2
